
Microsoft Visual Studio Solution File, Format Version 12.00
# Visual Studio 15
VisualStudioVersion = 15.0.27130.2036
MinimumVisualStudioVersion = 10.0.40219.1
Project("{9A19103F-16F7-4668-BE54-9A1E7A4F7556}") = "GStore.Core", "GStore.Core\GStore.Core.csproj", "{109E1725-BD1D-47FA-9D8B-757D43374C20}"
EndProject
Project("{9A19103F-16F7-4668-BE54-9A1E7A4F7556}") = "GStore.API", "GStore.API\GStore.API.csproj", "{7ABAFD7F-950F-4C20-9440-3EF889387B5F}"
EndProject
Project("{2150E333-8FDC-42A3-9474-1A3956D46DE8}") = "Test", "Test", "{2A01EFAA-81EB-41E3-9A23-3AEEE93CAAC2}"
EndProject
Project("{FAE04EC0-301F-11D3-BF4B-00C04F79EFBC}") = "GStore.Test", "GStore.Test\GStore.Test.csproj", "{E4F766ED-2B4F-4EC6-B7B5-49775C5E4F25}"
EndProject
Global
	GlobalSection(SolutionConfigurationPlatforms) = preSolution
		Debug|Any CPU = Debug|Any CPU
		Release|Any CPU = Release|Any CPU
	EndGlobalSection
	GlobalSection(ProjectConfigurationPlatforms) = postSolution
		{109E1725-BD1D-47FA-9D8B-757D43374C20}.Debug|Any CPU.ActiveCfg = Debug|Any CPU
		{109E1725-BD1D-47FA-9D8B-757D43374C20}.Debug|Any CPU.Build.0 = Debug|Any CPU
		{109E1725-BD1D-47FA-9D8B-757D43374C20}.Release|Any CPU.ActiveCfg = Release|Any CPU
		{109E1725-BD1D-47FA-9D8B-757D43374C20}.Release|Any CPU.Build.0 = Release|Any CPU
		{7ABAFD7F-950F-4C20-9440-3EF889387B5F}.Debug|Any CPU.ActiveCfg = Debug|Any CPU
		{7ABAFD7F-950F-4C20-9440-3EF889387B5F}.Debug|Any CPU.Build.0 = Debug|Any CPU
		{7ABAFD7F-950F-4C20-9440-3EF889387B5F}.Release|Any CPU.ActiveCfg = Release|Any CPU
		{7ABAFD7F-950F-4C20-9440-3EF889387B5F}.Release|Any CPU.Build.0 = Release|Any CPU
		{E4F766ED-2B4F-4EC6-B7B5-49775C5E4F25}.Debug|Any CPU.ActiveCfg = Debug|Any CPU
		{E4F766ED-2B4F-4EC6-B7B5-49775C5E4F25}.Debug|Any CPU.Build.0 = Debug|Any CPU
		{E4F766ED-2B4F-4EC6-B7B5-49775C5E4F25}.Release|Any CPU.ActiveCfg = Release|Any CPU
		{E4F766ED-2B4F-4EC6-B7B5-49775C5E4F25}.Release|Any CPU.Build.0 = Release|Any CPU
	EndGlobalSection
	GlobalSection(SolutionProperties) = preSolution
		HideSolutionNode = FALSE
	EndGlobalSection
	GlobalSection(NestedProjects) = preSolution
		{E4F766ED-2B4F-4EC6-B7B5-49775C5E4F25} = {2A01EFAA-81EB-41E3-9A23-3AEEE93CAAC2}
	EndGlobalSection
	GlobalSection(ExtensibilityGlobals) = postSolution
		SolutionGuid = {7F1470C1-D5FB-4992-A35D-6D119748D9BD}
	EndGlobalSection
EndGlobal
